
Microsoft Visual Studio Solution File, Format Version 12.00
# Visual Studio Version 17
VisualStudioVersion = 17.13.35931.197 d17.13
MinimumVisualStudioVersion = 10.0.40219.1
Project("{FAE04EC0-301F-11D3-BF4B-00C04F79EFBC}") = "WebShop.Web", "WebShop.Web\WebShop.Web.csproj", "{37F38DBD-AA9C-45C4-9C25-5CFC2EFA314E}"
EndProject
Project("{FAE04EC0-301F-11D3-BF4B-00C04F79EFBC}") = "WebShop.Data", "WebShop.Data\WebShop.Data.csproj", "{68AB756A-3C08-4CAB-9EA0-EED1BAAC914A}"
EndProject
Project("{FAE04EC0-301F-11D3-BF4B-00C04F79EFBC}") = "WebShop.Services", "WebShop.Services\WebShop.Services.csproj", "{3A02F34B-54FA-40B8-AD1D-12C334F1442A}"
EndProject
Global
	GlobalSection(SolutionConfigurationPlatforms) = preSolution
		Debug|Any CPU = Debug|Any CPU
		Release|Any CPU = Release|Any CPU
	EndGlobalSection
	GlobalSection(ProjectConfigurationPlatforms) = postSolution
		{37F38DBD-AA9C-45C4-9C25-5CFC2EFA314E}.Debug|Any CPU.ActiveCfg = Debug|Any CPU
		{37F38DBD-AA9C-45C4-9C25-5CFC2EFA314E}.Debug|Any CPU.Build.0 = Debug|Any CPU
		{37F38DBD-AA9C-45C4-9C25-5CFC2EFA314E}.Release|Any CPU.ActiveCfg = Release|Any CPU
		{37F38DBD-AA9C-45C4-9C25-5CFC2EFA314E}.Release|Any CPU.Build.0 = Release|Any CPU
		{68AB756A-3C08-4CAB-9EA0-EED1BAAC914A}.Debug|Any CPU.ActiveCfg = Debug|Any CPU
		{68AB756A-3C08-4CAB-9EA0-EED1BAAC914A}.Debug|Any CPU.Build.0 = Debug|Any CPU
		{68AB756A-3C08-4CAB-9EA0-EED1BAAC914A}.Release|Any CPU.ActiveCfg = Release|Any CPU
		{68AB756A-3C08-4CAB-9EA0-EED1BAAC914A}.Release|Any CPU.Build.0 = Release|Any CPU
		{3A02F34B-54FA-40B8-AD1D-12C334F1442A}.Debug|Any CPU.ActiveCfg = Debug|Any CPU
		{3A02F34B-54FA-40B8-AD1D-12C334F1442A}.Debug|Any CPU.Build.0 = Debug|Any CPU
		{3A02F34B-54FA-40B8-AD1D-12C334F1442A}.Release|Any CPU.ActiveCfg = Release|Any CPU
		{3A02F34B-54FA-40B8-AD1D-12C334F1442A}.Release|Any CPU.Build.0 = Release|Any CPU
	EndGlobalSection
	GlobalSection(SolutionProperties) = preSolution
		HideSolutionNode = FALSE
	EndGlobalSection
	GlobalSection(ExtensibilityGlobals) = postSolution
		SolutionGuid = {E9239284-38AD-4A2A-9959-AC99460FD279}
	EndGlobalSection
EndGlobal
